
Microsoft Visual Studio Solution File, Format Version 12.00
# Visual Studio Version 16
VisualStudioVersion = 16.0.31402.337
MinimumVisualStudioVersion = 10.0.40219.1
Project("{9A19103F-16F7-4668-BE54-9A1E7A4F7556}") = "DIOCursoMVC", "DIOCursoMVC\DIOCursoMVC.csproj", "{80F50337-28FD-48F6-8BC2-C97200462B1E}"
EndProject
Project("{FAE04EC0-301F-11D3-BF4B-00C04F79EFBC}") = "CursoAPI", "CursoAPI\CursoAPI.csproj", "{BC116C39-D3BB-4536-8C17-35E1B13C2A7E}"
EndProject
Global
	GlobalSection(SolutionConfigurationPlatforms) = preSolution
		Debug|Any CPU = Debug|Any CPU
		Release|Any CPU = Release|Any CPU
	EndGlobalSection
	GlobalSection(ProjectConfigurationPlatforms) = postSolution
		{80F50337-28FD-48F6-8BC2-C97200462B1E}.Debug|Any CPU.ActiveCfg = Debug|Any CPU
		{80F50337-28FD-48F6-8BC2-C97200462B1E}.Debug|Any CPU.Build.0 = Debug|Any CPU
		{80F50337-28FD-48F6-8BC2-C97200462B1E}.Release|Any CPU.ActiveCfg = Release|Any CPU
		{80F50337-28FD-48F6-8BC2-C97200462B1E}.Release|Any CPU.Build.0 = Release|Any CPU
		{BC116C39-D3BB-4536-8C17-35E1B13C2A7E}.Debug|Any CPU.ActiveCfg = Debug|Any CPU
		{BC116C39-D3BB-4536-8C17-35E1B13C2A7E}.Debug|Any CPU.Build.0 = Debug|Any CPU
		{BC116C39-D3BB-4536-8C17-35E1B13C2A7E}.Release|Any CPU.ActiveCfg = Release|Any CPU
		{BC116C39-D3BB-4536-8C17-35E1B13C2A7E}.Release|Any CPU.Build.0 = Release|Any CPU
	EndGlobalSection
	GlobalSection(SolutionProperties) = preSolution
		HideSolutionNode = FALSE
	EndGlobalSection
	GlobalSection(ExtensibilityGlobals) = postSolution
		SolutionGuid = {1E103EBD-7D4C-4ADF-9360-D3F5801419DF}
	EndGlobalSection
EndGlobal
